
Microsoft Visual Studio Solution File, Format Version 12.00
# Visual Studio Version 17
VisualStudioVersion = 17.2.32616.157
MinimumVisualStudioVersion = 10.0.40219.1
Project("{FAE04EC0-301F-11D3-BF4B-00C04F79EFBC}") = "ASP.NETCORE6", "ASP.NETCORE6\ASP.NETCORE6.csproj", "{7D5D2E72-87D6-4070-B3DA-8135A837098D}"
EndProject
Global
	GlobalSection(SolutionConfigurationPlatforms) = preSolution
		Debug|Any CPU = Debug|Any CPU
		Release|Any CPU = Release|Any CPU
	EndGlobalSection
	GlobalSection(ProjectConfigurationPlatforms) = postSolution
		{7D5D2E72-87D6-4070-B3DA-8135A837098D}.Debug|Any CPU.ActiveCfg = Debug|Any CPU
		{7D5D2E72-87D6-4070-B3DA-8135A837098D}.Debug|Any CPU.Build.0 = Debug|Any CPU
		{7D5D2E72-87D6-4070-B3DA-8135A837098D}.Release|Any CPU.ActiveCfg = Release|Any CPU
		{7D5D2E72-87D6-4070-B3DA-8135A837098D}.Release|Any CPU.Build.0 = Release|Any CPU
	EndGlobalSection
	GlobalSection(SolutionProperties) = preSolution
		HideSolutionNode = FALSE
	EndGlobalSection
	GlobalSection(ExtensibilityGlobals) = postSolution
		SolutionGuid = {D96407C1-4D17-42B8-AC9B-19BB7405C7ED}
	EndGlobalSection
EndGlobal
